Microsoft Visual Studio Solution File, Format Version 11.00
# Visual Studio 2008

Project("{AF588111-DC8E-39A5-E18A-D5D609FF2714}") = "ArsIgnis", "Assembly-CSharp-firstpass-vs.csproj", "{A8098959-32C7-5FD9-8DA5-5BD294021790}"
EndProject
Project("{AF588111-DC8E-39A5-E18A-D5D609FF2714}") = "ArsIgnis", "Assembly-CSharp-vs.csproj", "{34775C9A-4326-106D-E0B2-EB1F0F950778}"
EndProject
Global
	GlobalSection(SolutionConfigurationPlatforms) = preSolution
		Debug|Any CPU = Debug|Any CPU
		Release|Any CPU = Release|Any CPU
	EndGlobalSection
	GlobalSection(ProjectConfigurationPlatforms) = postSolution
		{A8098959-32C7-5FD9-8DA5-5BD294021790}.Debug|Any CPU.ActiveCfg = Debug|Any CPU
		{A8098959-32C7-5FD9-8DA5-5BD294021790}.Debug|Any CPU.Build.0 = Debug|Any CPU
		{A8098959-32C7-5FD9-8DA5-5BD294021790}.Release|Any CPU.ActiveCfg = Release|Any CPU
		{A8098959-32C7-5FD9-8DA5-5BD294021790}.Release|Any CPU.Build.0 = Release|Any CPU
		{34775C9A-4326-106D-E0B2-EB1F0F950778}.Debug|Any CPU.ActiveCfg = Debug|Any CPU
		{34775C9A-4326-106D-E0B2-EB1F0F950778}.Debug|Any CPU.Build.0 = Debug|Any CPU
		{34775C9A-4326-106D-E0B2-EB1F0F950778}.Release|Any CPU.ActiveCfg = Release|Any CPU
		{34775C9A-4326-106D-E0B2-EB1F0F950778}.Release|Any CPU.Build.0 = Release|Any CPU
	EndGlobalSection
	GlobalSection(SolutionProperties) = preSolution
		HideSolutionNode = FALSE
	EndGlobalSection
						GlobalSection(MonoDevelopProperties) = preSolution
		StartupItem = Assembly-CSharp.csproj
		Policies = $0
		$0.TextStylePolicy = $1
		$1.inheritsSet = null
		$1.scope = text/x-csharp
		$0.CSharpFormattingPolicy = $2
		$2.inheritsSet = Mono
		$2.inheritsScope = text/x-csharp
		$2.scope = text/x-csharp
		$0.TextStylePolicy = $3
		$3.FileWidth = 120
		$3.TabWidth = 4
		$3.EolMarker = Unix
		$3.inheritsSet = Mono
		$3.inheritsScope = text/plain
		$3.scope = text/plain
	EndGlobalSection

EndGlobal
